
Microsoft Visual Studio Solution File, Format Version 12.00
# Visual Studio Version 16
VisualStudioVersion = 16.0.30804.86
MinimumVisualStudioVersion = 10.0.40219.1
Project("{FAE04EC0-301F-11D3-BF4B-00C04F79EFBC}") = "ScheduleDownloads", "ScheduleDownloads\ScheduleDownloads.csproj", "{35E38480-B311-4494-9A89-5A3AE5E65032}"
EndProject
Global
	GlobalSection(SolutionConfigurationPlatforms) = preSolution
		Debug|Any CPU = Debug|Any CPU
		Release|Any CPU = Release|Any CPU
	EndGlobalSection
	GlobalSection(ProjectConfigurationPlatforms) = postSolution
		{35E38480-B311-4494-9A89-5A3AE5E65032}.Debug|Any CPU.ActiveCfg = Debug|Any CPU
		{35E38480-B311-4494-9A89-5A3AE5E65032}.Debug|Any CPU.Build.0 = Debug|Any CPU
		{35E38480-B311-4494-9A89-5A3AE5E65032}.Release|Any CPU.ActiveCfg = Release|Any CPU
		{35E38480-B311-4494-9A89-5A3AE5E65032}.Release|Any CPU.Build.0 = Release|Any CPU
	EndGlobalSection
	GlobalSection(SolutionProperties) = preSolution
		HideSolutionNode = FALSE
	EndGlobalSection
	GlobalSection(ExtensibilityGlobals) = postSolution
		SolutionGuid = {532CC743-403F-4347-97D2-0E5EE7D3A318}
	EndGlobalSection
EndGlobal
